{
  "version": "4",
  "redirects": {
    "https://deno.land/x/pcsc/mod.ts": "https://deno.land/x/pcsc@v0.4/mod.ts"
  },
  "remote": {
    "https://deno.land/std@0.146.0/fmt/colors.ts": "6f9340b7fb8cc25a993a99e5efc56fe81bb5af284ff412129dd06df06f53c0b4",
    "https://deno.land/std@0.146.0/testing/_diff.ts": "029a00560b0d534bc0046f1bce4bd36b3b41ada3f2a3178c85686eb2ff5f1413",
    "https://deno.land/std@0.146.0/testing/_format.ts": "0d8dc79eab15b67cdc532826213bbe05bccfd276ca473a50a3fc7bbfb7260642",
    "https://deno.land/std@0.146.0/testing/asserts.ts": "c17254748504f449c98476b78f4d206ca47cffc826e415026f09d7600c19535e",
    "https://deno.land/x/pcsc@v0.3.1/deno-pcsc-ffi/card.ts": "1496b27086f63565a7fd53cbbd43a86a05433c91f79dd9f4f55eec741a98a858",
    "https://deno.land/x/pcsc@v0.3.1/deno-pcsc-ffi/context.ts": "74744d75e2c1591b4535ce8b947267a5edc56d30bb13357337a1e9bdd6ae54e4",
    "https://deno.land/x/pcsc@v0.3.1/deno-pcsc-ffi/deno-pcsc-ffi.ts": "f26db6424f56f51320b95a31c906967537bb93f2bd1763e2d73320587f8a84a4",
    "https://deno.land/x/pcsc@v0.3.1/deno-pcsc-ffi/ffi-utils.ts": "cab640c7c2d606cfceaab1b543a1113178ef8c0ae43d0ddb30665672c5eff515",
    "https://deno.land/x/pcsc@v0.3.1/deno-pcsc-ffi/pcsc-ffi-wrapper.ts": "83413796b4a72e47327fd4ec9a518c900885cceaa8a717bd404489982b57d035",
    "https://deno.land/x/pcsc@v0.3.1/deno-pcsc-ffi/reader.ts": "fe1ea62b01c6812d8c7609560c4d082c43becfcb852d89c3697649dd931c6003",
    "https://deno.land/x/pcsc@v0.3.1/iso7816/apdu.ts": "b5e722d91c6bba8ce020778a527737ea7f3a22ec730fbaf6b1f1bcc4ecce296c",
    "https://deno.land/x/pcsc@v0.3.1/iso7816/ber-tlv.ts": "59a9b51fd44d5279c70312b73bb7cae3de103cc3eb81d5ca3af6ab36542f5e7a",
    "https://deno.land/x/pcsc@v0.3.1/iso7816/buffer-utils.ts": "41e9d94ea10e8961804f69ce0dece86aa85461ebf180a255ae3fff043ccd7c81",
    "https://deno.land/x/pcsc@v0.3.1/iso7816/enums.ts": "14ea173e31339ffea0c907abb7f844511b74aecf7b910d0bed740edd167f5853",
    "https://deno.land/x/pcsc@v0.3.1/iso7816/iso7816.ts": "d7007a5be6a046be1f7719580ddbd084ed8542eee45c3344ebfaa4cb63744aa2",
    "https://deno.land/x/pcsc@v0.3.1/mod.ts": "6027ef30828ccf080dc5efdd218cd6dfa41b4fae8b3bc7638f23ea09f3143809",
    "https://deno.land/x/pcsc@v0.3.1/omapi/omapi.ts": "4994f34a012fe47ef54eab9b420ce01e666a313fa070b612e14f8761e617c0bc",
    "https://deno.land/x/pcsc@v0.3.1/omapi/se-service.ts": "3afb67f1b01eb52902c0466084887cc8417decf6da39e79f2f5bf60d3effe6ee",
    "https://deno.land/x/pcsc@v0.3.1/pcsc/context.ts": "12e4d942f893a745d7d8a5a8b11d5a79a097f258325f07b54cec1ffd11b71fb9",
    "https://deno.land/x/pcsc@v0.3.1/pcsc/errors.ts": "0533803f9e49f36c01252a75e20b8b423332cdd5662a5a7d86b61aa9fdf620f9",
    "https://deno.land/x/pcsc@v0.3.1/pcsc/pcsc.ts": "dc7bed776c35f74ce93634c0268ea312e1aff9f2f4814c67657af6d75d232688",
    "https://deno.land/x/pcsc@v0.3.1/pcsc/reader-state.ts": "4b25c268cc9d22320c43a7108b0a227b420349ee38b5ca19f1be331c56b70948",
    "https://deno.land/x/pcsc@v0.3.1/pcsc/scard.ts": "fe86e048886ebd933ae34aed0b7044651a209c48c051ad3789d363a40f955cc6",
    "https://deno.land/x/pcsc@v0.4/deno-pcsc-ffi/card.ts": "c659b81b4a63f29acf53fd535202facdaef9b2def0812a6bd97e244c92b9f95e",
    "https://deno.land/x/pcsc@v0.4/deno-pcsc-ffi/context.ts": "b929b525331cfdbefdab2e8b23997f8eb9f8e7719a9eb8e50418cfb4f2dcd014",
    "https://deno.land/x/pcsc@v0.4/deno-pcsc-ffi/deno-pcsc-ffi.ts": "f26db6424f56f51320b95a31c906967537bb93f2bd1763e2d73320587f8a84a4",
    "https://deno.land/x/pcsc@v0.4/deno-pcsc-ffi/ffi-utils.ts": "cab640c7c2d606cfceaab1b543a1113178ef8c0ae43d0ddb30665672c5eff515",
    "https://deno.land/x/pcsc@v0.4/deno-pcsc-ffi/pcsc-ffi-wrapper.ts": "60bf4326ff8af946dab4203092f480e415ff5e82547768df8f3a7a84a1db80da",
    "https://deno.land/x/pcsc@v0.4/deno-pcsc-ffi/reader.ts": "eaa9ab62f15dcf32c2ee2717f282cd6964c621ab58f74706d926db55c682e7a4",
    "https://deno.land/x/pcsc@v0.4/iso7816/apdu.ts": "1174a88244614ee4d171d2c0e157035f4eca45a96dd15f6fd76c1ab629f35e92",
    "https://deno.land/x/pcsc@v0.4/iso7816/ber-tlv.ts": "59a9b51fd44d5279c70312b73bb7cae3de103cc3eb81d5ca3af6ab36542f5e7a",
    "https://deno.land/x/pcsc@v0.4/iso7816/buffer-utils.ts": "41e9d94ea10e8961804f69ce0dece86aa85461ebf180a255ae3fff043ccd7c81",
    "https://deno.land/x/pcsc@v0.4/iso7816/enums.ts": "14ea173e31339ffea0c907abb7f844511b74aecf7b910d0bed740edd167f5853",
    "https://deno.land/x/pcsc@v0.4/iso7816/iso7816.ts": "d7007a5be6a046be1f7719580ddbd084ed8542eee45c3344ebfaa4cb63744aa2",
    "https://deno.land/x/pcsc@v0.4/mod.ts": "6027ef30828ccf080dc5efdd218cd6dfa41b4fae8b3bc7638f23ea09f3143809",
    "https://deno.land/x/pcsc@v0.4/omapi/omapi.ts": "4994f34a012fe47ef54eab9b420ce01e666a313fa070b612e14f8761e617c0bc",
    "https://deno.land/x/pcsc@v0.4/omapi/se-service.ts": "7696417c247f1b0fe500982d9f6f37c80efb76984d2d6eba20fb4ea10d6b7478",
    "https://deno.land/x/pcsc@v0.4/pcsc/context.ts": "76648221064b7ef49d1e0e2d2c27eddf027e64e7bdfaaa85d01cc65a6df7b222",
    "https://deno.land/x/pcsc@v0.4/pcsc/errors.ts": "0533803f9e49f36c01252a75e20b8b423332cdd5662a5a7d86b61aa9fdf620f9",
    "https://deno.land/x/pcsc@v0.4/pcsc/pcsc.ts": "dc7bed776c35f74ce93634c0268ea312e1aff9f2f4814c67657af6d75d232688",
    "https://deno.land/x/pcsc@v0.4/pcsc/platform.ts": "b5fef33824ad77e39307a0a93ecafda5a2477a73fb543edb3153eaf91b4cc956",
    "https://deno.land/x/pcsc@v0.4/pcsc/reader-state.ts": "bba7f89a0b02ecaedf03cc1c9377aa716d28d3001afd1d3437e4a09f59d402fa",
    "https://deno.land/x/pcsc@v0.4/pcsc/scard.ts": "c7ae1bb27d0157c4907814674c548c73fa34a5f07937db04708762e2c618c8a5"
  }
}
